{
  "name": "webboy",
  "version": "0.0.2",
  "lockfileVersion": 1,
  "requires": true,
  "dependencies": {
    "convert-hrtime": {
      "version": "2.0.0",
      "resolved": "https://registry.npmjs.org/convert-hrtime/-/convert-hrtime-2.0.0.tgz",
      "integrity": "sha1-Gb+yyRYvnhHC8Ewsed4rfoCVxic="
    }
  }
}
